
Microsoft Visual Studio Solution File, Format Version 12.00
# Visual Studio Version 17
VisualStudioVersion = 17.5.33627.172
MinimumVisualStudioVersion = 10.0.40219.1
Project("{FAE04EC0-301F-11D3-BF4B-00C04F79EFBC}") = "FitnessApp_PreslavZlatinov_19621621", "FitnessApp_PreslavZlatinov_19621621\FitnessApp_PreslavZlatinov_19621621.csproj", "{847405EA-11E2-4643-87FC-69599666F3E4}"
EndProject
Global
	GlobalSection(SolutionConfigurationPlatforms) = preSolution
		Debug|Any CPU = Debug|Any CPU
		Release|Any CPU = Release|Any CPU
	EndGlobalSection
	GlobalSection(ProjectConfigurationPlatforms) = postSolution
		{847405EA-11E2-4643-87FC-69599666F3E4}.Debug|Any CPU.ActiveCfg = Debug|Any CPU
		{847405EA-11E2-4643-87FC-69599666F3E4}.Debug|Any CPU.Build.0 = Debug|Any CPU
		{847405EA-11E2-4643-87FC-69599666F3E4}.Release|Any CPU.ActiveCfg = Release|Any CPU
		{847405EA-11E2-4643-87FC-69599666F3E4}.Release|Any CPU.Build.0 = Release|Any CPU
	EndGlobalSection
	GlobalSection(SolutionProperties) = preSolution
		HideSolutionNode = FALSE
	EndGlobalSection
	GlobalSection(ExtensibilityGlobals) = postSolution
		SolutionGuid = {6408DDD5-77CC-4819-A62C-DA6BFB7B277B}
	EndGlobalSection
EndGlobal
